
Microsoft Visual Studio Solution File, Format Version 12.00
# Visual Studio Version 17
VisualStudioVersion = 17.7.34221.43
MinimumVisualStudioVersion = 10.0.40219.1
Project("{9A19103F-16F7-4668-BE54-9A1E7A4F7556}") = "rovic_rating_app", "rovic_rating_app\rovic_rating_app.csproj", "{D4DF3733-921B-45FF-AD6E-611062BA7275}"
EndProject
Project("{FAE04EC0-301F-11D3-BF4B-00C04F79EFBC}") = "rovic_rating_app.Tests", "rovic_rating_app.Tests\rovic_rating_app.Tests.csproj", "{5F38FE0B-514A-4FA2-9E84-E98877FB22F7}"
EndProject
Global
	GlobalSection(SolutionConfigurationPlatforms) = preSolution
		Debug|Any CPU = Debug|Any CPU
		Release|Any CPU = Release|Any CPU
	EndGlobalSection
	GlobalSection(ProjectConfigurationPlatforms) = postSolution
		{D4DF3733-921B-45FF-AD6E-611062BA7275}.Debug|Any CPU.ActiveCfg = Debug|Any CPU
		{D4DF3733-921B-45FF-AD6E-611062BA7275}.Debug|Any CPU.Build.0 = Debug|Any CPU
		{D4DF3733-921B-45FF-AD6E-611062BA7275}.Release|Any CPU.ActiveCfg = Release|Any CPU
		{D4DF3733-921B-45FF-AD6E-611062BA7275}.Release|Any CPU.Build.0 = Release|Any CPU
		{5F38FE0B-514A-4FA2-9E84-E98877FB22F7}.Debug|Any CPU.ActiveCfg = Debug|Any CPU
		{5F38FE0B-514A-4FA2-9E84-E98877FB22F7}.Debug|Any CPU.Build.0 = Debug|Any CPU
		{5F38FE0B-514A-4FA2-9E84-E98877FB22F7}.Release|Any CPU.ActiveCfg = Release|Any CPU
		{5F38FE0B-514A-4FA2-9E84-E98877FB22F7}.Release|Any CPU.Build.0 = Release|Any CPU
	EndGlobalSection
	GlobalSection(SolutionProperties) = preSolution
		HideSolutionNode = FALSE
	EndGlobalSection
	GlobalSection(ExtensibilityGlobals) = postSolution
		SolutionGuid = {7E45C229-CB59-4B02-B3E8-B5CE22477ED8}
	EndGlobalSection
EndGlobal
